
Microsoft Visual Studio Solution File, Format Version 12.00
# Visual Studio Version 17
VisualStudioVersion = 17.8.34525.116
MinimumVisualStudioVersion = 10.0.40219.1
Project("{9A19103F-16F7-4668-BE54-9A1E7A4F7556}") = "WeatherAPI", "WeatherAPI\WeatherAPI.csproj", "{8DDE32D2-3E64-44AB-A137-962D1B9CD0CC}"
EndProject
Project("{9A19103F-16F7-4668-BE54-9A1E7A4F7556}") = "WeatherSourceAPI", "WeatherSourceAPI\WeatherSourceAPI.csproj", "{19FB0666-7A47-492F-8AEC-109738F1F74D}"
EndProject
Project("{9A19103F-16F7-4668-BE54-9A1E7A4F7556}") = "OpenWeatherOrgClient", "OpenWeatherOrgClient\OpenWeatherOrgClient.csproj", "{AE4D294A-1890-41DD-B623-F4ACF07D25B2}"
EndProject
Project("{54A90642-561A-4BB1-A94E-469ADEE60C69}") = "weatherapiui", "WeatherApiUi\weatherapiui.esproj", "{E8199A36-6756-42E6-A161-B8871A18D5D1}"
EndProject
Project("{FAE04EC0-301F-11D3-BF4B-00C04F79EFBC}") = "WeatherAPI.Test", "WeatherAPI.Test\WeatherAPI.Test.csproj", "{C467B75B-19B4-433E-B38E-5F8129AE185F}"
EndProject
Global
	GlobalSection(SolutionConfigurationPlatforms) = preSolution
		Debug|Any CPU = Debug|Any CPU
		Release|Any CPU = Release|Any CPU
	EndGlobalSection
	GlobalSection(ProjectConfigurationPlatforms) = postSolution
		{8DDE32D2-3E64-44AB-A137-962D1B9CD0CC}.Debug|Any CPU.ActiveCfg = Debug|Any CPU
		{8DDE32D2-3E64-44AB-A137-962D1B9CD0CC}.Debug|Any CPU.Build.0 = Debug|Any CPU
		{8DDE32D2-3E64-44AB-A137-962D1B9CD0CC}.Release|Any CPU.ActiveCfg = Release|Any CPU
		{8DDE32D2-3E64-44AB-A137-962D1B9CD0CC}.Release|Any CPU.Build.0 = Release|Any CPU
		{19FB0666-7A47-492F-8AEC-109738F1F74D}.Debug|Any CPU.ActiveCfg = Debug|Any CPU
		{19FB0666-7A47-492F-8AEC-109738F1F74D}.Debug|Any CPU.Build.0 = Debug|Any CPU
		{19FB0666-7A47-492F-8AEC-109738F1F74D}.Release|Any CPU.ActiveCfg = Release|Any CPU
		{19FB0666-7A47-492F-8AEC-109738F1F74D}.Release|Any CPU.Build.0 = Release|Any CPU
		{AE4D294A-1890-41DD-B623-F4ACF07D25B2}.Debug|Any CPU.ActiveCfg = Debug|Any CPU
		{AE4D294A-1890-41DD-B623-F4ACF07D25B2}.Debug|Any CPU.Build.0 = Debug|Any CPU
		{AE4D294A-1890-41DD-B623-F4ACF07D25B2}.Release|Any CPU.ActiveCfg = Release|Any CPU
		{AE4D294A-1890-41DD-B623-F4ACF07D25B2}.Release|Any CPU.Build.0 = Release|Any CPU
		{E8199A36-6756-42E6-A161-B8871A18D5D1}.Debug|Any CPU.ActiveCfg = Debug|Any CPU
		{E8199A36-6756-42E6-A161-B8871A18D5D1}.Debug|Any CPU.Build.0 = Debug|Any CPU
		{E8199A36-6756-42E6-A161-B8871A18D5D1}.Debug|Any CPU.Deploy.0 = Debug|Any CPU
		{E8199A36-6756-42E6-A161-B8871A18D5D1}.Release|Any CPU.ActiveCfg = Release|Any CPU
		{E8199A36-6756-42E6-A161-B8871A18D5D1}.Release|Any CPU.Build.0 = Release|Any CPU
		{E8199A36-6756-42E6-A161-B8871A18D5D1}.Release|Any CPU.Deploy.0 = Release|Any CPU
		{C467B75B-19B4-433E-B38E-5F8129AE185F}.Debug|Any CPU.ActiveCfg = Debug|Any CPU
		{C467B75B-19B4-433E-B38E-5F8129AE185F}.Debug|Any CPU.Build.0 = Debug|Any CPU
		{C467B75B-19B4-433E-B38E-5F8129AE185F}.Release|Any CPU.ActiveCfg = Release|Any CPU
		{C467B75B-19B4-433E-B38E-5F8129AE185F}.Release|Any CPU.Build.0 = Release|Any CPU
	EndGlobalSection
	GlobalSection(SolutionProperties) = preSolution
		HideSolutionNode = FALSE
	EndGlobalSection
	GlobalSection(ExtensibilityGlobals) = postSolution
		SolutionGuid = {5ADE1846-91E7-44F0-9662-AC9764377EE5}
	EndGlobalSection
EndGlobal
